
Microsoft Visual Studio Solution File, Format Version 12.00
# Visual Studio Version 17
VisualStudioVersion = 17.12.35728.132
MinimumVisualStudioVersion = 10.0.40219.1
Project("{FAE04EC0-301F-11D3-BF4B-00C04F79EFBC}") = "BitmapFiltr", "BitmapFiltr\BitmapFiltr.csproj", "{2CA21813-D2C0-48F5-8E8F-3FB85A9C958C}"
EndProject
Project("{FAE04EC0-301F-11D3-BF4B-00C04F79EFBC}") = "Filters", "BalasFilter\Filters.csproj", "{27E60D8C-E794-4B5D-93C6-8911889E62C6}"
EndProject
Global
	GlobalSection(SolutionConfigurationPlatforms) = preSolution
		Debug|Any CPU = Debug|Any CPU
		Release|Any CPU = Release|Any CPU
	EndGlobalSection
	GlobalSection(ProjectConfigurationPlatforms) = postSolution
		{2CA21813-D2C0-48F5-8E8F-3FB85A9C958C}.Debug|Any CPU.ActiveCfg = Debug|Any CPU
		{2CA21813-D2C0-48F5-8E8F-3FB85A9C958C}.Debug|Any CPU.Build.0 = Debug|Any CPU
		{2CA21813-D2C0-48F5-8E8F-3FB85A9C958C}.Release|Any CPU.ActiveCfg = Release|Any CPU
		{2CA21813-D2C0-48F5-8E8F-3FB85A9C958C}.Release|Any CPU.Build.0 = Release|Any CPU
		{27E60D8C-E794-4B5D-93C6-8911889E62C6}.Debug|Any CPU.ActiveCfg = Debug|Any CPU
		{27E60D8C-E794-4B5D-93C6-8911889E62C6}.Debug|Any CPU.Build.0 = Debug|Any CPU
		{27E60D8C-E794-4B5D-93C6-8911889E62C6}.Release|Any CPU.ActiveCfg = Release|Any CPU
		{27E60D8C-E794-4B5D-93C6-8911889E62C6}.Release|Any CPU.Build.0 = Release|Any CPU
	EndGlobalSection
	GlobalSection(SolutionProperties) = preSolution
		HideSolutionNode = FALSE
	EndGlobalSection
EndGlobal
