{
  "version": 1,
  "dependencies": {
    "net8.0-windows7.0": {
      "Expression.Blend.Sdk.WPF": {
        "type": "Direct",
        "requested": "[1.0.1, )",
        "resolved": "1.0.1",
        "contentHash": "eXvBXgPhxHSdlzwK1rItPdrvj8sBzOUvibbAHbR9obo5o5eMTue9/OCOrjguUsaDtR3uzE1IM/HmQqDC686mcA=="
      },
      "Microsoft.Extensions.DependencyInjection": {
        "type": "Direct",
        "requested": "[9.0.2, )",
        "resolved": "9.0.2",
        "contentHash": "ZffbJrskOZ40JTzcTyKwFHS5eACSWp2bUQBBApIgGV+es8RaTD4OxUG7XxFr3RIPLXtYQ1jQzF2DjKB5fZn7Qg==",
        "dependencies": {
          "Microsoft.Extensions.DependencyInjection.Abstractions": "9.0.2"
        }
      },
      "System.Drawing.Common": {
        "type": "Direct",
        "requested": "[9.0.2, )",
        "resolved": "9.0.2",
        "contentHash": "JU947wzf8JbBS16Y5EIZzAlyQU+k68D7LRx6y03s2wlhlvLqkt/8uPBrjv2hJnnaJKbdb0GhQ3JZsfYXhrRjyg==",
        "dependencies": {
          "Microsoft.Win32.SystemEvents": "9.0.2"
        }
      },
      "Microsoft.Extensions.DependencyInjection.Abstractions": {
        "type": "Transitive",
        "resolved": "9.0.2",
        "contentHash": "MNe7GSTBf3jQx5vYrXF0NZvn6l7hUKF6J54ENfAgCO8y6xjN1XUmKKWG464LP2ye6QqDiA1dkaWEZBYnhoZzjg=="
      },
      "Microsoft.Win32.SystemEvents": {
        "type": "Transitive",
        "resolved": "9.0.2",
        "contentHash": "5BkGZ6mHp2dHydR29sb0fDfAuqkv30AHtTih8wMzvPZysOmBFvHfnkR2w3tsc0pSiIg8ZoKyefJXWy9r3pBh0w=="
      },
      "filters.domain": {
        "type": "Project"
      },
      "filters.infrastructure": {
        "type": "Project",
        "dependencies": {
          "Filters.Domain": "[1.0.0, )",
          "Microsoft.Extensions.DependencyInjection": "[9.0.2, )"
        }
      }
    }
  }
}